
Microsoft Visual Studio Solution File, Format Version 12.00
Project("{FAE04EC0-301F-11D3-BF4B-00C04F79EFBC}") = "Minimal_API", "Minimal_API\Minimal_API.csproj", "{BCAD4C74-2BAD-4166-83FC-5BA075F9B3DC}"
EndProject
Global
	GlobalSection(SolutionConfigurationPlatforms) = preSolution
		Debug|Any CPU = Debug|Any CPU
		Release|Any CPU = Release|Any CPU
	EndGlobalSection
	GlobalSection(ProjectConfigurationPlatforms) = postSolution
		{BCAD4C74-2BAD-4166-83FC-5BA075F9B3DC}.Debug|Any CPU.ActiveCfg = Debug|Any CPU
		{BCAD4C74-2BAD-4166-83FC-5BA075F9B3DC}.Debug|Any CPU.Build.0 = Debug|Any CPU
		{BCAD4C74-2BAD-4166-83FC-5BA075F9B3DC}.Release|Any CPU.ActiveCfg = Release|Any CPU
		{BCAD4C74-2BAD-4166-83FC-5BA075F9B3DC}.Release|Any CPU.Build.0 = Release|Any CPU
	EndGlobalSection
EndGlobal
